
Microsoft Visual Studio Solution File, Format Version 11.00
# Visual Studio 2010
Project("{FAE04EC0-301F-11D3-BF4B-00C04F79EFBC}") = "WindowsFormsApplication1", "WindowsFormsApplication1\WindowsFormsApplication1.csproj", "{46616E4E-52D5-4E08-AD60-D28529738CDD}"
EndProject
Project("{FAE04EC0-301F-11D3-BF4B-00C04F79EFBC}") = "SCBforPC_5", "SCBforPC_5\SCBforPC_5.csproj", "{844D2BBD-8C42-4179-9C57-B324F1FEDA77}"
EndProject
Project("{FAE04EC0-301F-11D3-BF4B-00C04F79EFBC}") = "MeetManagerConnection", "MeetManagerConnection\MeetManagerConnection.csproj", "{0C7C1DFD-0875-4E1D-958F-DECEB69A6112}"
EndProject
Global
	GlobalSection(SolutionConfigurationPlatforms) = preSolution
		Debug|Any CPU = Debug|Any CPU
		Debug|Mixed Platforms = Debug|Mixed Platforms
		Debug|x86 = Debug|x86
		Release|Any CPU = Release|Any CPU
		Release|Mixed Platforms = Release|Mixed Platforms
		Release|x86 = Release|x86
	EndGlobalSection
	GlobalSection(ProjectConfigurationPlatforms) = postSolution
		{46616E4E-52D5-4E08-AD60-D28529738CDD}.Debug|Any CPU.ActiveCfg = Debug|x86
		{46616E4E-52D5-4E08-AD60-D28529738CDD}.Debug|Mixed Platforms.ActiveCfg = Debug|x86
		{46616E4E-52D5-4E08-AD60-D28529738CDD}.Debug|Mixed Platforms.Build.0 = Debug|x86
		{46616E4E-52D5-4E08-AD60-D28529738CDD}.Debug|x86.ActiveCfg = Debug|x86
		{46616E4E-52D5-4E08-AD60-D28529738CDD}.Debug|x86.Build.0 = Debug|x86
		{46616E4E-52D5-4E08-AD60-D28529738CDD}.Release|Any CPU.ActiveCfg = Release|x86
		{46616E4E-52D5-4E08-AD60-D28529738CDD}.Release|Mixed Platforms.ActiveCfg = Release|x86
		{46616E4E-52D5-4E08-AD60-D28529738CDD}.Release|Mixed Platforms.Build.0 = Release|x86
		{46616E4E-52D5-4E08-AD60-D28529738CDD}.Release|x86.ActiveCfg = Release|x86
		{46616E4E-52D5-4E08-AD60-D28529738CDD}.Release|x86.Build.0 = Release|x86
		{844D2BBD-8C42-4179-9C57-B324F1FEDA77}.Debug|Any CPU.ActiveCfg = Debug|x86
		{844D2BBD-8C42-4179-9C57-B324F1FEDA77}.Debug|Mixed Platforms.ActiveCfg = Debug|x86
		{844D2BBD-8C42-4179-9C57-B324F1FEDA77}.Debug|Mixed Platforms.Build.0 = Debug|x86
		{844D2BBD-8C42-4179-9C57-B324F1FEDA77}.Debug|x86.ActiveCfg = Debug|x86
		{844D2BBD-8C42-4179-9C57-B324F1FEDA77}.Debug|x86.Build.0 = Debug|x86
		{844D2BBD-8C42-4179-9C57-B324F1FEDA77}.Release|Any CPU.ActiveCfg = Release|x86
		{844D2BBD-8C42-4179-9C57-B324F1FEDA77}.Release|Mixed Platforms.ActiveCfg = Release|x86
		{844D2BBD-8C42-4179-9C57-B324F1FEDA77}.Release|Mixed Platforms.Build.0 = Release|x86
		{844D2BBD-8C42-4179-9C57-B324F1FEDA77}.Release|x86.ActiveCfg = Release|x86
		{844D2BBD-8C42-4179-9C57-B324F1FEDA77}.Release|x86.Build.0 = Release|x86
		{0C7C1DFD-0875-4E1D-958F-DECEB69A6112}.Debug|Any CPU.ActiveCfg = Debug|Any CPU
		{0C7C1DFD-0875-4E1D-958F-DECEB69A6112}.Debug|Any CPU.Build.0 = Debug|Any CPU
		{0C7C1DFD-0875-4E1D-958F-DECEB69A6112}.Debug|Mixed Platforms.ActiveCfg = Debug|Any CPU
		{0C7C1DFD-0875-4E1D-958F-DECEB69A6112}.Debug|Mixed Platforms.Build.0 = Debug|Any CPU
		{0C7C1DFD-0875-4E1D-958F-DECEB69A6112}.Debug|x86.ActiveCfg = Debug|Any CPU
		{0C7C1DFD-0875-4E1D-958F-DECEB69A6112}.Release|Any CPU.ActiveCfg = Release|Any CPU
		{0C7C1DFD-0875-4E1D-958F-DECEB69A6112}.Release|Any CPU.Build.0 = Release|Any CPU
		{0C7C1DFD-0875-4E1D-958F-DECEB69A6112}.Release|Mixed Platforms.ActiveCfg = Release|Any CPU
		{0C7C1DFD-0875-4E1D-958F-DECEB69A6112}.Release|Mixed Platforms.Build.0 = Release|Any CPU
		{0C7C1DFD-0875-4E1D-958F-DECEB69A6112}.Release|x86.ActiveCfg = Release|Any CPU
	EndGlobalSection
	GlobalSection(SolutionProperties) = preSolution
		HideSolutionNode = FALSE
	EndGlobalSection
EndGlobal
